{
    "_readme": [
        "This file locks the dependencies of your project to a known state",
        "Read more about it at https://getcomposer.org/doc/01-basic-usage.md#installing-dependencies",
        "This file is @generated automatically"
    ],
    "content-hash": "a003f847f1ce3860371c75c4de6a2647",
    "packages": [],
    "packages-dev": [],
    "aliases": [],
    "minimum-stability": "stable",
    "stability-flags": [],
    "prefer-stable": false,
    "prefer-lowest": false,
    "platform": {
        "php": "7.1.23",
        "ext-mbstring": "*",
        "ext-gd": "*",
        "ext-curl": "7.1.23",
        "ext-exif": "7.1.23"
    },
    "platform-dev": [],
    "plugin-api-version": "1.1.0"
}
